
Microsoft Visual Studio Solution File, Format Version 12.00
# Visual Studio Version 16
VisualStudioVersion = 16.0.31729.503
MinimumVisualStudioVersion = 10.0.40219.1
Project("{FAE04EC0-301F-11D3-BF4B-00C04F79EFBC}") = "SEFinalProject_Winform", "SEFinalProject_Winform\SEFinalProject_Winform.csproj", "{50A690AA-CF8E-4118-AB59-E8A54F0D1255}"
EndProject
Global
	GlobalSection(SolutionConfigurationPlatforms) = preSolution
		Debug|Any CPU = Debug|Any CPU
		Release|Any CPU = Release|Any CPU
	EndGlobalSection
	GlobalSection(ProjectConfigurationPlatforms) = postSolution
		{50A690AA-CF8E-4118-AB59-E8A54F0D1255}.Debug|Any CPU.ActiveCfg = Debug|Any CPU
		{50A690AA-CF8E-4118-AB59-E8A54F0D1255}.Debug|Any CPU.Build.0 = Debug|Any CPU
		{50A690AA-CF8E-4118-AB59-E8A54F0D1255}.Release|Any CPU.ActiveCfg = Release|Any CPU
		{50A690AA-CF8E-4118-AB59-E8A54F0D1255}.Release|Any CPU.Build.0 = Release|Any CPU
	EndGlobalSection
	GlobalSection(SolutionProperties) = preSolution
		HideSolutionNode = FALSE
	EndGlobalSection
	GlobalSection(ExtensibilityGlobals) = postSolution
		SolutionGuid = {68F8A822-2F61-4CDF-8BC9-B5C5C272A58B}
	EndGlobalSection
EndGlobal
